// !$*UTF8*$!
{
	archiveVersion = 1;
	classes = {
	};
	objectVersion = 46;
	objects = {

/* Begin PBXBuildFile section */
		BE4EB14B1F00F23D00EEC385 /* main.m in Sources */ = {isa = PBXBuildFile; fileRef = BE4EB14A1F00F23D00EEC385 /* main.m */; };
		BE4EB14E1F00F23D00EEC385 /* AppDelegate.m in Sources */ = {isa = PBXBuildFile; fileRef = BE4EB14D1F00F23D00EEC385 /* AppDelegate.m */; };
		BE4EB1511F00F23D00EEC385 /* ViewController.m in Sources */ = {isa = PBXBuildFile; fileRef = BE4EB1501F00F23D00EEC385 /* ViewController.m */; };
		BE4EB1541F00F23D00EEC385 /* Main.storyboard in Resources */ = {isa = PBXBuildFile; fileRef = BE4EB1521F00F23D00EEC385 /* Main.storyboard */; };
		BE4EB1561F00F23D00EEC385 /* Assets.xcassets in Resources */ = {isa = PBXBuildFile; fileRef = BE4EB1551F00F23D00EEC385 /* Assets.xcassets */; };
		BE4EB1591F00F23D00EEC385 /* LaunchScreen.storyboard in Resources */ = {isa = PBXBuildFile; fileRef = BE4EB1571F00F23D00EEC385 /* LaunchScreen.storyboard */; };
		BE4EB1631F00F29300EEC385 /* YDRouteRequest.m in Sources */ = {isa = PBXBuildFile; fileRef = BE4EB1621F00F29300EEC385 /* YDRouteRequest.m */; };
		BE4EB1661F00F36C00EEC385 /* NSString+YDQuery.m in Sources */ = {isa = PBXBuildFile; fileRef = BE4EB1651F00F36C00EEC385 /* NSString+YDQuery.m */; };
		BE4EB1691F00F67900EEC385 /* UIViewController+YDRouteRequest.m in Sources */ = {isa = PBXBuildFile; fileRef = BE4EB1681F00F67900EEC385 /* UIViewController+YDRouteRequest.m */; };
		BE4EB16C1F00F77500EEC385 /* NSError+RouteError.m in Sources */ = {isa = PBXBuildFile; fileRef = BE4EB16B1F00F77500EEC385 /* NSError+RouteError.m */; };
		BE4EB16F1F00FF9A00EEC385 /* YDRouter.m in Sources */ = {isa = PBXBuildFile; fileRef = BE4EB16E1F00FF9A00EEC385 /* YDRouter.m */; };
		BE4EB1721F00FFE100EEC385 /* YDRouteHandler.m in Sources */ = {isa = PBXBuildFile; fileRef = BE4EB1711F00FFE100EEC385 /* YDRouteHandler.m */; };
		BE4EB1751F01110500EEC385 /* YDDefaultRouteHandler.m in Sources */ = {isa = PBXBuildFile; fileRef = BE4EB1741F01110500EEC385 /* YDDefaultRouteHandler.m */; };
		BE4EB1791F01119A00EEC385 /* YDDefaultWebViewController.m in Sources */ = {isa = PBXBuildFile; fileRef = BE4EB1771F01119A00EEC385 /* YDDefaultWebViewController.m */; };
		BE4EB17A1F01119A00EEC385 /* YDDefaultWebViewController.xib in Resources */ = {isa = PBXBuildFile; fileRef = BE4EB1781F01119A00EEC385 /* YDDefaultWebViewController.xib */; };
		BE4EB1BB1F0247FC00EEC385 /* YDHomeController.m in Sources */ = {isa = PBXBuildFile; fileRef = BE4EB1B91F0247FC00EEC385 /* YDHomeController.m */; };
		BE4EB1BC1F0247FC00EEC385 /* YDHomeController.xib in Resources */ = {isa = PBXBuildFile; fileRef = BE4EB1BA1F0247FC00EEC385 /* YDHomeController.xib */; };
		BE4EB1C01F02480C00EEC385 /* YDProductViewController.m in Sources */ = {isa = PBXBuildFile; fileRef = BE4EB1BE1F02480C00EEC385 /* YDProductViewController.m */; };
		BE4EB1C11F02480C00EEC385 /* YDProductViewController.xib in Resources */ = {isa = PBXBuildFile; fileRef = BE4EB1BF1F02480C00EEC385 /* YDProductViewController.xib */; };
		BE4EB1C51F02482100EEC385 /* YDProductDetailViewController.m in Sources */ = {isa = PBXBuildFile; fileRef = BE4EB1C31F02482100EEC385 /* YDProductDetailViewController.m */; };
		BE4EB1C61F02482100EEC385 /* YDProductDetailViewController.xib in Resources */ = {isa = PBXBuildFile; fileRef = BE4EB1C41F02482100EEC385 /* YDProductDetailViewController.xib */; };
		BE4EB1C81F02483C00EEC385 /* HomeConfige.plist in Resources */ = {isa = PBXBuildFile; fileRef = BE4EB1C71F02483C00EEC385 /* HomeConfige.plist */; };
		BE4EB1CA1F02485000EEC385 /* ProductConfige.plist in Resources */ = {isa = PBXBuildFile; fileRef = BE4EB1C91F02485000EEC385 /* ProductConfige.plist */; };
		BE4EB1CD1F02552200EEC385 /* YDHomeRouteHandler.m in Sources */ = {isa = PBXBuildFile; fileRef = BE4EB1CC1F02552200EEC385 /* YDHomeRouteHandler.m */; };
		BE4EB1D01F02553B00EEC385 /* YDProductRouteHandler.m in Sources */ = {isa = PBXBuildFile; fileRef = BE4EB1CF1F02553B00EEC385 /* YDProductRouteHandler.m */; };
		BE4EB1D31F025F5100EEC385 /* YDAppRouteHandler.m in Sources */ = {isa = PBXBuildFile; fileRef = BE4EB1D21F025F5100EEC385 /* YDAppRouteHandler.m */; };
/* End PBXBuildFile section */

/* Begin PBXFileReference section */
		BE4EB1461F00F23D00EEC385 /* YDRoute.app */ = {isa = PBXFileReference; explicitFileType = wrapper.application; includeInIndex = 0; path = YDRoute.app; sourceTree = BUILT_PRODUCTS_DIR; };
		BE4EB14A1F00F23D00EEC385 /* main.m */ = {isa = PBXFileReference; lastKnownFileType = sourcecode.c.objc; path = main.m; sourceTree = "<group>"; };
		BE4EB14C1F00F23D00EEC385 /* AppDelegate.h */ = {isa = PBXFileReference; lastKnownFileType = sourcecode.c.h; path = AppDelegate.h; sourceTree = "<group>"; };
		BE4EB14D1F00F23D00EEC385 /* AppDelegate.m */ = {isa = PBXFileReference; lastKnownFileType = sourcecode.c.objc; path = AppDelegate.m; sourceTree = "<group>"; };
		BE4EB14F1F00F23D00EEC385 /* ViewController.h */ = {isa = PBXFileReference; lastKnownFileType = sourcecode.c.h; path = ViewController.h; sourceTree = "<group>"; };
		BE4EB1501F00F23D00EEC385 /* ViewController.m */ = {isa = PBXFileReference; lastKnownFileType = sourcecode.c.objc; path = ViewController.m; sourceTree = "<group>"; };
		BE4EB1531F00F23D00EEC385 /* Base */ = {isa = PBXFileReference; lastKnownFileType = file.storyboard; name = Base; path = Base.lproj/Main.storyboard; sourceTree = "<group>"; };
		BE4EB1551F00F23D00EEC385 /* Assets.xcassets */ = {isa = PBXFileReference; lastKnownFileType = folder.assetcatalog; path = Assets.xcassets; sourceTree = "<group>"; };
		BE4EB1581F00F23D00EEC385 /* Base */ = {isa = PBXFileReference; lastKnownFileType = file.storyboard; name = Base; path = Base.lproj/LaunchScreen.storyboard; sourceTree = "<group>"; };
		BE4EB15A1F00F23D00EEC385 /* Info.plist */ = {isa = PBXFileReference; lastKnownFileType = text.plist.xml; path = Info.plist; sourceTree = "<group>"; };
		BE4EB1611F00F29300EEC385 /* YDRouteRequest.h */ = {isa = PBXFileReference; fileEncoding = 4; lastKnownFileType = sourcecode.c.h; path = YDRouteRequest.h; sourceTree = "<group>"; };
		BE4EB1621F00F29300EEC385 /* YDRouteRequest.m */ = {isa = PBXFileReference; fileEncoding = 4; lastKnownFileType = sourcecode.c.objc; path = YDRouteRequest.m; sourceTree = "<group>"; };
		BE4EB1641F00F36C00EEC385 /* NSString+YDQuery.h */ = {isa = PBXFileReference; fileEncoding = 4; lastKnownFileType = sourcecode.c.h; path = "NSString+YDQuery.h"; sourceTree = "<group>"; };
		BE4EB1651F00F36C00EEC385 /* NSString+YDQuery.m */ = {isa = PBXFileReference; fileEncoding = 4; lastKnownFileType = sourcecode.c.objc; path = "NSString+YDQuery.m"; sourceTree = "<group>"; };
		BE4EB1671F00F67900EEC385 /* UIViewController+YDRouteRequest.h */ = {isa = PBXFileReference; fileEncoding = 4; lastKnownFileType = sourcecode.c.h; path = "UIViewController+YDRouteRequest.h"; sourceTree = "<group>"; };
		BE4EB1681F00F67900EEC385 /* UIViewController+YDRouteRequest.m */ = {isa = PBXFileReference; fileEncoding = 4; lastKnownFileType = sourcecode.c.objc; path = "UIViewController+YDRouteRequest.m"; sourceTree = "<group>"; };
		BE4EB16A1F00F77500EEC385 /* NSError+RouteError.h */ = {isa = PBXFileReference; fileEncoding = 4; lastKnownFileType = sourcecode.c.h; path = "NSError+RouteError.h"; sourceTree = "<group>"; };
		BE4EB16B1F00F77500EEC385 /* NSError+RouteError.m */ = {isa = PBXFileReference; fileEncoding = 4; lastKnownFileType = sourcecode.c.objc; path = "NSError+RouteError.m"; sourceTree = "<group>"; };
		BE4EB16D1F00FF9A00EEC385 /* YDRouter.h */ = {isa = PBXFileReference; fileEncoding = 4; lastKnownFileType = sourcecode.c.h; path = YDRouter.h; sourceTree = "<group>"; };
		BE4EB16E1F00FF9A00EEC385 /* YDRouter.m */ = {isa = PBXFileReference; fileEncoding = 4; lastKnownFileType = sourcecode.c.objc; path = YDRouter.m; sourceTree = "<group>"; };
		BE4EB1701F00FFE100EEC385 /* YDRouteHandler.h */ = {isa = PBXFileReference; fileEncoding = 4; lastKnownFileType = sourcecode.c.h; path = YDRouteHandler.h; sourceTree = "<group>"; };
		BE4EB1711F00FFE100EEC385 /* YDRouteHandler.m */ = {isa = PBXFileReference; fileEncoding = 4; lastKnownFileType = sourcecode.c.objc; path = YDRouteHandler.m; sourceTree = "<group>"; };
		BE4EB1731F01110500EEC385 /* YDDefaultRouteHandler.h */ = {isa = PBXFileReference; fileEncoding = 4; lastKnownFileType = sourcecode.c.h; path = YDDefaultRouteHandler.h; sourceTree = "<group>"; };
		BE4EB1741F01110500EEC385 /* YDDefaultRouteHandler.m */ = {isa = PBXFileReference; fileEncoding = 4; lastKnownFileType = sourcecode.c.objc; path = YDDefaultRouteHandler.m; sourceTree = "<group>"; };
		BE4EB1761F01119A00EEC385 /* YDDefaultWebViewController.h */ = {isa = PBXFileReference; fileEncoding = 4; lastKnownFileType = sourcecode.c.h; path = YDDefaultWebViewController.h; sourceTree = "<group>"; };
		BE4EB1771F01119A00EEC385 /* YDDefaultWebViewController.m */ = {isa = PBXFileReference; fileEncoding = 4; lastKnownFileType = sourcecode.c.objc; path = YDDefaultWebViewController.m; sourceTree = "<group>"; };
		BE4EB1781F01119A00EEC385 /* YDDefaultWebViewController.xib */ = {isa = PBXFileReference; fileEncoding = 4; lastKnownFileType = file.xib; path = YDDefaultWebViewController.xib; sourceTree = "<group>"; };
		BE4EB1B81F0247FC00EEC385 /* YDHomeController.h */ = {isa = PBXFileReference; fileEncoding = 4; lastKnownFileType = sourcecode.c.h; path = YDHomeController.h; sourceTree = "<group>"; };
		BE4EB1B91F0247FC00EEC385 /* YDHomeController.m */ = {isa = PBXFileReference; fileEncoding = 4; lastKnownFileType = sourcecode.c.objc; path = YDHomeController.m; sourceTree = "<group>"; };
		BE4EB1BA1F0247FC00EEC385 /* YDHomeController.xib */ = {isa = PBXFileReference; fileEncoding = 4; lastKnownFileType = file.xib; path = YDHomeController.xib; sourceTree = "<group>"; };
		BE4EB1BD1F02480C00EEC385 /* YDProductViewController.h */ = {isa = PBXFileReference; fileEncoding = 4; lastKnownFileType = sourcecode.c.h; path = YDProductViewController.h; sourceTree = "<group>"; };
		BE4EB1BE1F02480C00EEC385 /* YDProductViewController.m */ = {isa = PBXFileReference; fileEncoding = 4; lastKnownFileType = sourcecode.c.objc; path = YDProductViewController.m; sourceTree = "<group>"; };
		BE4EB1BF1F02480C00EEC385 /* YDProductViewController.xib */ = {isa = PBXFileReference; fileEncoding = 4; lastKnownFileType = file.xib; path = YDProductViewController.xib; sourceTree = "<group>"; };
		BE4EB1C21F02482100EEC385 /* YDProductDetailViewController.h */ = {isa = PBXFileReference; fileEncoding = 4; lastKnownFileType = sourcecode.c.h; path = YDProductDetailViewController.h; sourceTree = "<group>"; };
		BE4EB1C31F02482100EEC385 /* YDProductDetailViewController.m */ = {isa = PBXFileReference; fileEncoding = 4; lastKnownFileType = sourcecode.c.objc; path = YDProductDetailViewController.m; sourceTree = "<group>"; };
		BE4EB1C41F02482100EEC385 /* YDProductDetailViewController.xib */ = {isa = PBXFileReference; fileEncoding = 4; lastKnownFileType = file.xib; path = YDProductDetailViewController.xib; sourceTree = "<group>"; };
		BE4EB1C71F02483C00EEC385 /* HomeConfige.plist */ = {isa = PBXFileReference; fileEncoding = 4; lastKnownFileType = text.plist.xml; path = HomeConfige.plist; sourceTree = "<group>"; };
		BE4EB1C91F02485000EEC385 /* ProductConfige.plist */ = {isa = PBXFileReference; fileEncoding = 4; lastKnownFileType = text.plist.xml; path = ProductConfige.plist; sourceTree = "<group>"; };
		BE4EB1CB1F02552200EEC385 /* YDHomeRouteHandler.h */ = {isa = PBXFileReference; fileEncoding = 4; lastKnownFileType = sourcecode.c.h; path = YDHomeRouteHandler.h; sourceTree = "<group>"; };
		BE4EB1CC1F02552200EEC385 /* YDHomeRouteHandler.m */ = {isa = PBXFileReference; fileEncoding = 4; lastKnownFileType = sourcecode.c.objc; path = YDHomeRouteHandler.m; sourceTree = "<group>"; };
		BE4EB1CE1F02553B00EEC385 /* YDProductRouteHandler.h */ = {isa = PBXFileReference; fileEncoding = 4; lastKnownFileType = sourcecode.c.h; path = YDProductRouteHandler.h; sourceTree = "<group>"; };
		BE4EB1CF1F02553B00EEC385 /* YDProductRouteHandler.m */ = {isa = PBXFileReference; fileEncoding = 4; lastKnownFileType = sourcecode.c.objc; path = YDProductRouteHandler.m; sourceTree = "<group>"; };
		BE4EB1D11F025F5100EEC385 /* YDAppRouteHandler.h */ = {isa = PBXFileReference; fileEncoding = 4; lastKnownFileType = sourcecode.c.h; path = YDAppRouteHandler.h; sourceTree = "<group>"; };
		BE4EB1D21F025F5100EEC385 /* YDAppRouteHandler.m */ = {isa = PBXFileReference; fileEncoding = 4; lastKnownFileType = sourcecode.c.objc; path = YDAppRouteHandler.m; sourceTree = "<group>"; };
/* End PBXFileReference section */

/* Begin PBXFrameworksBuildPhase section */
		BE4EB1431F00F23D00EEC385 /* Frameworks */ = {
			isa = PBXFrameworksBuildPhase;
			buildActionMask = 2147483647;
			files = (
			);
			runOnlyForDeploymentPostprocessing = 0;
		};
/* End PBXFrameworksBuildPhase section */

/* Begin PBXGroup section */
		BE4EB13D1F00F23D00EEC385 = {
			isa = PBXGroup;
			children = (
				BE4EB1481F00F23D00EEC385 /* YDRoute */,
				BE4EB1471F00F23D00EEC385 /* Products */,
			);
			sourceTree = "<group>";
		};
		BE4EB1471F00F23D00EEC385 /* Products */ = {
			isa = PBXGroup;
			children = (
				BE4EB1461F00F23D00EEC385 /* YDRoute.app */,
			);
			name = Products;
			sourceTree = "<group>";
		};
		BE4EB1481F00F23D00EEC385 /* YDRoute */ = {
			isa = PBXGroup;
			children = (
				BE4EB1B01F02479E00EEC385 /* Home */,
				BE4EB1B11F02479E00EEC385 /* Product */,
				BE4EB1601F00F25600EEC385 /* Route */,
				BE4EB14C1F00F23D00EEC385 /* AppDelegate.h */,
				BE4EB14D1F00F23D00EEC385 /* AppDelegate.m */,
				BE4EB14F1F00F23D00EEC385 /* ViewController.h */,
				BE4EB1501F00F23D00EEC385 /* ViewController.m */,
				BE4EB1D11F025F5100EEC385 /* YDAppRouteHandler.h */,
				BE4EB1D21F025F5100EEC385 /* YDAppRouteHandler.m */,
				BE4EB1521F00F23D00EEC385 /* Main.storyboard */,
				BE4EB1551F00F23D00EEC385 /* Assets.xcassets */,
				BE4EB1571F00F23D00EEC385 /* LaunchScreen.storyboard */,
				BE4EB15A1F00F23D00EEC385 /* Info.plist */,
				BE4EB1491F00F23D00EEC385 /* Supporting Files */,
			);
			path = YDRoute;
			sourceTree = "<group>";
		};
		BE4EB1491F00F23D00EEC385 /* Supporting Files */ = {
			isa = PBXGroup;
			children = (
				BE4EB14A1F00F23D00EEC385 /* main.m */,
			);
			name = "Supporting Files";
			sourceTree = "<group>";
		};
		BE4EB1601F00F25600EEC385 /* Route */ = {
			isa = PBXGroup;
			children = (
				BE4EB1611F00F29300EEC385 /* YDRouteRequest.h */,
				BE4EB1621F00F29300EEC385 /* YDRouteRequest.m */,
				BE4EB1641F00F36C00EEC385 /* NSString+YDQuery.h */,
				BE4EB1651F00F36C00EEC385 /* NSString+YDQuery.m */,
				BE4EB1671F00F67900EEC385 /* UIViewController+YDRouteRequest.h */,
				BE4EB1681F00F67900EEC385 /* UIViewController+YDRouteRequest.m */,
				BE4EB16A1F00F77500EEC385 /* NSError+RouteError.h */,
				BE4EB16B1F00F77500EEC385 /* NSError+RouteError.m */,
				BE4EB16D1F00FF9A00EEC385 /* YDRouter.h */,
				BE4EB16E1F00FF9A00EEC385 /* YDRouter.m */,
				BE4EB1701F00FFE100EEC385 /* YDRouteHandler.h */,
				BE4EB1711F00FFE100EEC385 /* YDRouteHandler.m */,
				BE4EB1731F01110500EEC385 /* YDDefaultRouteHandler.h */,
				BE4EB1741F01110500EEC385 /* YDDefaultRouteHandler.m */,
				BE4EB1761F01119A00EEC385 /* YDDefaultWebViewController.h */,
				BE4EB1771F01119A00EEC385 /* YDDefaultWebViewController.m */,
				BE4EB1781F01119A00EEC385 /* YDDefaultWebViewController.xib */,
			);
			path = Route;
			sourceTree = "<group>";
		};
		BE4EB1B01F02479E00EEC385 /* Home */ = {
			isa = PBXGroup;
			children = (
				BE4EB1B81F0247FC00EEC385 /* YDHomeController.h */,
				BE4EB1B91F0247FC00EEC385 /* YDHomeController.m */,
				BE4EB1BA1F0247FC00EEC385 /* YDHomeController.xib */,
				BE4EB1C71F02483C00EEC385 /* HomeConfige.plist */,
				BE4EB1CB1F02552200EEC385 /* YDHomeRouteHandler.h */,
				BE4EB1CC1F02552200EEC385 /* YDHomeRouteHandler.m */,
			);
			path = Home;
			sourceTree = "<group>";
		};
		BE4EB1B11F02479E00EEC385 /* Product */ = {
			isa = PBXGroup;
			children = (
				BE4EB1BD1F02480C00EEC385 /* YDProductViewController.h */,
				BE4EB1BE1F02480C00EEC385 /* YDProductViewController.m */,
				BE4EB1BF1F02480C00EEC385 /* YDProductViewController.xib */,
				BE4EB1C21F02482100EEC385 /* YDProductDetailViewController.h */,
				BE4EB1C31F02482100EEC385 /* YDProductDetailViewController.m */,
				BE4EB1C41F02482100EEC385 /* YDProductDetailViewController.xib */,
				BE4EB1C91F02485000EEC385 /* ProductConfige.plist */,
				BE4EB1CE1F02553B00EEC385 /* YDProductRouteHandler.h */,
				BE4EB1CF1F02553B00EEC385 /* YDProductRouteHandler.m */,
			);
			path = Product;
			sourceTree = "<group>";
		};
/* End PBXGroup section */

/* Begin PBXNativeTarget section */
		BE4EB1451F00F23D00EEC385 /* YDRoute */ = {
			isa = PBXNativeTarget;
			buildConfigurationList = BE4EB15D1F00F23D00EEC385 /* Build configuration list for PBXNativeTarget "YDRoute" */;
			buildPhases = (
				BE4EB1421F00F23D00EEC385 /* Sources */,
				BE4EB1431F00F23D00EEC385 /* Frameworks */,
				BE4EB1441F00F23D00EEC385 /* Resources */,
			);
			buildRules = (
			);
			dependencies = (
			);
			name = YDRoute;
			productName = YDRoute;
			productReference = BE4EB1461F00F23D00EEC385 /* YDRoute.app */;
			productType = "com.apple.product-type.application";
		};
/* End PBXNativeTarget section */

/* Begin PBXProject section */
		BE4EB13E1F00F23D00EEC385 /* Project object */ = {
			isa = PBXProject;
			attributes = {
				LastUpgradeCheck = 0830;
				ORGANIZATIONNAME = YD;
				TargetAttributes = {
					BE4EB1451F00F23D00EEC385 = {
						CreatedOnToolsVersion = 8.3.3;
						DevelopmentTeam = 76ZDD392W9;
						ProvisioningStyle = Automatic;
					};
				};
			};
			buildConfigurationList = BE4EB1411F00F23D00EEC385 /* Build configuration list for PBXProject "YDRoute" */;
			compatibilityVersion = "Xcode 3.2";
			developmentRegion = English;
			hasScannedForEncodings = 0;
			knownRegions = (
				en,
				Base,
			);
			mainGroup = BE4EB13D1F00F23D00EEC385;
			productRefGroup = BE4EB1471F00F23D00EEC385 /* Products */;
			projectDirPath = "";
			projectRoot = "";
			targets = (
				BE4EB1451F00F23D00EEC385 /* YDRoute */,
			);
		};
/* End PBXProject section */

/* Begin PBXResourcesBuildPhase section */
		BE4EB1441F00F23D00EEC385 /* Resources */ = {
			isa = PBXResourcesBuildPhase;
			buildActionMask = 2147483647;
			files = (
				BE4EB1591F00F23D00EEC385 /* LaunchScreen.storyboard in Resources */,
				BE4EB1C61F02482100EEC385 /* YDProductDetailViewController.xib in Resources */,
				BE4EB1BC1F0247FC00EEC385 /* YDHomeController.xib in Resources */,
				BE4EB1561F00F23D00EEC385 /* Assets.xcassets in Resources */,
				BE4EB1C11F02480C00EEC385 /* YDProductViewController.xib in Resources */,
				BE4EB17A1F01119A00EEC385 /* YDDefaultWebViewController.xib in Resources */,
				BE4EB1CA1F02485000EEC385 /* ProductConfige.plist in Resources */,
				BE4EB1541F00F23D00EEC385 /* Main.storyboard in Resources */,
				BE4EB1C81F02483C00EEC385 /* HomeConfige.plist in Resources */,
			);
			runOnlyForDeploymentPostprocessing = 0;
		};
/* End PBXResourcesBuildPhase section */

/* Begin PBXSourcesBuildPhase section */
		BE4EB1421F00F23D00EEC385 /* Sources */ = {
			isa = PBXSourcesBuildPhase;
			buildActionMask = 2147483647;
			files = (
				BE4EB1CD1F02552200EEC385 /* YDHomeRouteHandler.m in Sources */,
				BE4EB1631F00F29300EEC385 /* YDRouteRequest.m in Sources */,
				BE4EB1C01F02480C00EEC385 /* YDProductViewController.m in Sources */,
				BE4EB1C51F02482100EEC385 /* YDProductDetailViewController.m in Sources */,
				BE4EB16C1F00F77500EEC385 /* NSError+RouteError.m in Sources */,
				BE4EB1661F00F36C00EEC385 /* NSString+YDQuery.m in Sources */,
				BE4EB1791F01119A00EEC385 /* YDDefaultWebViewController.m in Sources */,
				BE4EB16F1F00FF9A00EEC385 /* YDRouter.m in Sources */,
				BE4EB1511F00F23D00EEC385 /* ViewController.m in Sources */,
				BE4EB1D31F025F5100EEC385 /* YDAppRouteHandler.m in Sources */,
				BE4EB1751F01110500EEC385 /* YDDefaultRouteHandler.m in Sources */,
				BE4EB14E1F00F23D00EEC385 /* AppDelegate.m in Sources */,
				BE4EB14B1F00F23D00EEC385 /* main.m in Sources */,
				BE4EB1691F00F67900EEC385 /* UIViewController+YDRouteRequest.m in Sources */,
				BE4EB1D01F02553B00EEC385 /* YDProductRouteHandler.m in Sources */,
				BE4EB1721F00FFE100EEC385 /* YDRouteHandler.m in Sources */,
				BE4EB1BB1F0247FC00EEC385 /* YDHomeController.m in Sources */,
			);
			runOnlyForDeploymentPostprocessing = 0;
		};
/* End PBXSourcesBuildPhase section */

/* Begin PBXVariantGroup section */
		BE4EB1521F00F23D00EEC385 /* Main.storyboard */ = {
			isa = PBXVariantGroup;
			children = (
				BE4EB1531F00F23D00EEC385 /* Base */,
			);
			name = Main.storyboard;
			sourceTree = "<group>";
		};
		BE4EB1571F00F23D00EEC385 /* LaunchScreen.storyboard */ = {
			isa = PBXVariantGroup;
			children = (
				BE4EB1581F00F23D00EEC385 /* Base */,
			);
			name = LaunchScreen.storyboard;
			sourceTree = "<group>";
		};
/* End PBXVariantGroup section */

/* Begin XCBuildConfiguration section */
		BE4EB15B1F00F23D00EEC385 /* Debug */ = {
			isa = XCBuildConfiguration;
			buildSettings = {
				ALWAYS_SEARCH_USER_PATHS = NO;
				CLANG_ANALYZER_NONNULL = YES;
				CLANG_ANALYZER_NUMBER_OBJECT_CONVERSION = YES_AGGRESSIVE;
				CLANG_CXX_LANGUAGE_STANDARD = "gnu++0x";
				CLANG_CXX_LIBRARY = "libc++";
				CLANG_ENABLE_MODULES = YES;
				CLANG_ENABLE_OBJC_ARC = YES;
				CLANG_WARN_BOOL_CONVERSION = YES;
				CLANG_WARN_CONSTANT_CONVERSION = YES;
				CLANG_WARN_DIRECT_OBJC_ISA_USAGE = YES_ERROR;
				CLANG_WARN_DOCUMENTATION_COMMENTS = YES;
				CLANG_WARN_EMPTY_BODY = YES;
				CLANG_WARN_ENUM_CONVERSION = YES;
				CLANG_WARN_INFINITE_RECURSION = YES;
				CLANG_WARN_INT_CONVERSION = YES;
				CLANG_WARN_OBJC_ROOT_CLASS = YES_ERROR;
				CLANG_WARN_SUSPICIOUS_MOVE = YES;
				CLANG_WARN_UNREACHABLE_CODE = YES;
				CLANG_WARN__DUPLICATE_METHOD_MATCH = YES;
				"CODE_SIGN_IDENTITY[sdk=iphoneos*]" = "iPhone Developer";
				COPY_PHASE_STRIP = NO;
				DEBUG_INFORMATION_FORMAT = dwarf;
				ENABLE_STRICT_OBJC_MSGSEND = YES;
				ENABLE_TESTABILITY = YES;
				GCC_C_LANGUAGE_STANDARD = gnu99;
				GCC_DYNAMIC_NO_PIC = NO;
				GCC_NO_COMMON_BLOCKS = YES;
				GCC_OPTIMIZATION_LEVEL = 0;
				GCC_PREPROCESSOR_DEFINITIONS = (
					"DEBUG=1",
					"$(inherited)",
				);
				GCC_WARN_64_TO_32_BIT_CONVERSION = YES;
				GCC_WARN_ABOUT_RETURN_TYPE = YES_ERROR;
				GCC_WARN_UNDECLARED_SELECTOR = YES;
				GCC_WARN_UNINITIALIZED_AUTOS = YES_AGGRESSIVE;
				GCC_WARN_UNUSED_FUNCTION = YES;
				GCC_WARN_UNUSED_VARIABLE = YES;
				IPHONEOS_DEPLOYMENT_TARGET = 10.3;
				MTL_ENABLE_DEBUG_INFO = YES;
				ONLY_ACTIVE_ARCH = YES;
				SDKROOT = iphoneos;
			};
			name = Debug;
		};
		BE4EB15C1F00F23D00EEC385 /* Release */ = {
			isa = XCBuildConfiguration;
			buildSettings = {
				ALWAYS_SEARCH_USER_PATHS = NO;
				CLANG_ANALYZER_NONNULL = YES;
				CLANG_ANALYZER_NUMBER_OBJECT_CONVERSION = YES_AGGRESSIVE;
				CLANG_CXX_LANGUAGE_STANDARD = "gnu++0x";
				CLANG_CXX_LIBRARY = "libc++";
				CLANG_ENABLE_MODULES = YES;
				CLANG_ENABLE_OBJC_ARC = YES;
				CLANG_WARN_BOOL_CONVERSION = YES;
				CLANG_WARN_CONSTANT_CONVERSION = YES;
				CLANG_WARN_DIRECT_OBJC_ISA_USAGE = YES_ERROR;
				CLANG_WARN_DOCUMENTATION_COMMENTS = YES;
				CLANG_WARN_EMPTY_BODY = YES;
				CLANG_WARN_ENUM_CONVERSION = YES;
				CLANG_WARN_INFINITE_RECURSION = YES;
				CLANG_WARN_INT_CONVERSION = YES;
				CLANG_WARN_OBJC_ROOT_CLASS = YES_ERROR;
				CLANG_WARN_SUSPICIOUS_MOVE = YES;
				CLANG_WARN_UNREACHABLE_CODE = YES;
				CLANG_WARN__DUPLICATE_METHOD_MATCH = YES;
				"CODE_SIGN_IDENTITY[sdk=iphoneos*]" = "iPhone Developer";
				COPY_PHASE_STRIP = NO;
				DEBUG_INFORMATION_FORMAT = "dwarf-with-dsym";
				ENABLE_NS_ASSERTIONS = NO;
				ENABLE_STRICT_OBJC_MSGSEND = YES;
				GCC_C_LANGUAGE_STANDARD = gnu99;
				GCC_NO_COMMON_BLOCKS = YES;
				GCC_WARN_64_TO_32_BIT_CONVERSION = YES;
				GCC_WARN_ABOUT_RETURN_TYPE = YES_ERROR;
				GCC_WARN_UNDECLARED_SELECTOR = YES;
				GCC_WARN_UNINITIALIZED_AUTOS = YES_AGGRESSIVE;
				GCC_WARN_UNUSED_FUNCTION = YES;
				GCC_WARN_UNUSED_VARIABLE = YES;
				IPHONEOS_DEPLOYMENT_TARGET = 10.3;
				MTL_ENABLE_DEBUG_INFO = NO;
				SDKROOT = iphoneos;
				VALIDATE_PRODUCT = YES;
			};
			name = Release;
		};
		BE4EB15E1F00F23D00EEC385 /* Debug */ = {
			isa = XCBuildConfiguration;
			buildSettings = {
				ASSETCATALOG_COMPILER_APPICON_NAME = AppIcon;
				DEVELOPMENT_TEAM = 76ZDD392W9;
				INFOPLIST_FILE = YDRoute/Info.plist;
				LD_RUNPATH_SEARCH_PATHS = "$(inherited) @executable_path/Frameworks";
				PRODUCT_BUNDLE_IDENTIFIER = com.zcmall.YDRoute;
				PRODUCT_NAME = "$(TARGET_NAME)";
			};
			name = Debug;
		};
		BE4EB15F1F00F23D00EEC385 /* Release */ = {
			isa = XCBuildConfiguration;
			buildSettings = {
				ASSETCATALOG_COMPILER_APPICON_NAME = AppIcon;
				DEVELOPMENT_TEAM = 76ZDD392W9;
				INFOPLIST_FILE = YDRoute/Info.plist;
				LD_RUNPATH_SEARCH_PATHS = "$(inherited) @executable_path/Frameworks";
				PRODUCT_BUNDLE_IDENTIFIER = com.zcmall.YDRoute;
				PRODUCT_NAME = "$(TARGET_NAME)";
			};
			name = Release;
		};
/* End XCBuildConfiguration section */

/* Begin XCConfigurationList section */
		BE4EB1411F00F23D00EEC385 /* Build configuration list for PBXProject "YDRoute" */ = {
			isa = XCConfigurationList;
			buildConfigurations = (
				BE4EB15B1F00F23D00EEC385 /* Debug */,
				BE4EB15C1F00F23D00EEC385 /* Release */,
			);
			defaultConfigurationIsVisible = 0;
			defaultConfigurationName = Release;
		};
		BE4EB15D1F00F23D00EEC385 /* Build configuration list for PBXNativeTarget "YDRoute" */ = {
			isa = XCConfigurationList;
			buildConfigurations = (
				BE4EB15E1F00F23D00EEC385 /* Debug */,
				BE4EB15F1F00F23D00EEC385 /* Release */,
			);
			defaultConfigurationIsVisible = 0;
		};
/* End XCConfigurationList section */
	};
	rootObject = BE4EB13E1F00F23D00EEC385 /* Project object */;
}
